
Microsoft Visual Studio Solution File, Format Version 12.00
# Visual Studio Version 16
VisualStudioVersion = 16.0.31515.178
MinimumVisualStudioVersion = 10.0.40219.1
Project("{8BC9CEB8-8B4A-11D0-8D11-00A0C91BC942}") = "lab7.2_rec", "lab7.2_rec\lab7.2_rec.vcxproj", "{12A905F4-63A3-4A62-9246-828C38170DC0}"
EndProject
Project("{8BC9CEB8-8B4A-11D0-8D11-00A0C91BC942}") = "UnitTest1", "UnitTest1\UnitTest1.vcxproj", "{EAEC5C10-A1AB-41E5-8B25-B365C1CA31D5}"
EndProject
Global
	GlobalSection(SolutionConfigurationPlatforms) = preSolution
		Debug|x64 = Debug|x64
		Debug|x86 = Debug|x86
		Release|x64 = Release|x64
		Release|x86 = Release|x86
	EndGlobalSection
	GlobalSection(ProjectConfigurationPlatforms) = postSolution
		{12A905F4-63A3-4A62-9246-828C38170DC0}.Debug|x64.ActiveCfg = Debug|x64
		{12A905F4-63A3-4A62-9246-828C38170DC0}.Debug|x64.Build.0 = Debug|x64
		{12A905F4-63A3-4A62-9246-828C38170DC0}.Debug|x86.ActiveCfg = Debug|Win32
		{12A905F4-63A3-4A62-9246-828C38170DC0}.Debug|x86.Build.0 = Debug|Win32
		{12A905F4-63A3-4A62-9246-828C38170DC0}.Release|x64.ActiveCfg = Release|x64
		{12A905F4-63A3-4A62-9246-828C38170DC0}.Release|x64.Build.0 = Release|x64
		{12A905F4-63A3-4A62-9246-828C38170DC0}.Release|x86.ActiveCfg = Release|Win32
		{12A905F4-63A3-4A62-9246-828C38170DC0}.Release|x86.Build.0 = Release|Win32
		{EAEC5C10-A1AB-41E5-8B25-B365C1CA31D5}.Debug|x64.ActiveCfg = Debug|x64
		{EAEC5C10-A1AB-41E5-8B25-B365C1CA31D5}.Debug|x64.Build.0 = Debug|x64
		{EAEC5C10-A1AB-41E5-8B25-B365C1CA31D5}.Debug|x86.ActiveCfg = Debug|Win32
		{EAEC5C10-A1AB-41E5-8B25-B365C1CA31D5}.Debug|x86.Build.0 = Debug|Win32
		{EAEC5C10-A1AB-41E5-8B25-B365C1CA31D5}.Release|x64.ActiveCfg = Release|x64
		{EAEC5C10-A1AB-41E5-8B25-B365C1CA31D5}.Release|x64.Build.0 = Release|x64
		{EAEC5C10-A1AB-41E5-8B25-B365C1CA31D5}.Release|x86.ActiveCfg = Release|Win32
		{EAEC5C10-A1AB-41E5-8B25-B365C1CA31D5}.Release|x86.Build.0 = Release|Win32
	EndGlobalSection
	GlobalSection(SolutionProperties) = preSolution
		HideSolutionNode = FALSE
	EndGlobalSection
	GlobalSection(ExtensibilityGlobals) = postSolution
		SolutionGuid = {69D29F49-DBF3-41BA-AA01-52D3C34A62A6}
	EndGlobalSection
EndGlobal
